// !$*UTF8*$!
{
	archiveVersion = 1;
	classes = {
	};
	objectVersion = 56;
	objects = {

/* Begin PBXBuildFile section */
		A1311A9428791469008A89A9 /* SearchSuggestionTextField.swift in Sources */ = {isa = PBXBuildFile; fileRef = A1311A9328791469008A89A9 /* SearchSuggestionTextField.swift */; };
		A175328E287976B100036022 /* FlowHStack.swift in Sources */ = {isa = PBXBuildFile; fileRef = A175328D287976B100036022 /* FlowHStack.swift */; };
		A1753296287A6C6A00036022 /* WidgetKit.framework in Frameworks */ = {isa = PBXBuildFile; fileRef = A1753295287A6C6A00036022 /* WidgetKit.framework */; };
		A1753298287A6C6A00036022 /* SwiftUI.framework in Frameworks */ = {isa = PBXBuildFile; fileRef = A1753297287A6C6A00036022 /* SwiftUI.framework */; };
		A175329B287A6C6A00036022 /* Widget.swift in Sources */ = {isa = PBXBuildFile; fileRef = A175329A287A6C6A00036022 /* Widget.swift */; };
		A175329D287A6C6C00036022 /* Assets.xcassets in Resources */ = {isa = PBXBuildFile; fileRef = A175329C287A6C6C00036022 /* Assets.xcassets */; };
		A17532A1287A6C6C00036022 /* WidgetExtension.appex in Embed Foundation Extensions */ = {isa = PBXBuildFile; fileRef = A1753293287A6C6A00036022 /* WidgetExtension.appex */; settings = {ATTRIBUTES = (RemoveHeadersOnCopy, ); }; };
		A17532A7287A71C300036022 /* WidgetDataModel.swift in Sources */ = {isa = PBXBuildFile; fileRef = A17532A6287A71C300036022 /* WidgetDataModel.swift */; };
		A17532A8287A723400036022 /* WidgetDataModel.swift in Sources */ = {isa = PBXBuildFile; fileRef = A17532A6287A71C300036022 /* WidgetDataModel.swift */; };
		A17532A9287A757500036022 /* CurrencyText.swift in Sources */ = {isa = PBXBuildFile; fileRef = A1A1A9BD28732E120009E827 /* CurrencyText.swift */; };
		A1892878287175E6006414D3 /* VirtualWalletDocument.swift in Sources */ = {isa = PBXBuildFile; fileRef = A1892877287175E6006414D3 /* VirtualWalletDocument.swift */; };
		A193D8D62871B8B8001FE760 /* Wallet.swift in Sources */ = {isa = PBXBuildFile; fileRef = A193D8D52871B8B8001FE760 /* Wallet.swift */; };
		A193D8D82871B90C001FE760 /* Transaction.swift in Sources */ = {isa = PBXBuildFile; fileRef = A193D8D72871B90C001FE760 /* Transaction.swift */; };
		A193D8DA2871C143001FE760 /* TransactionEditorView.swift in Sources */ = {isa = PBXBuildFile; fileRef = A193D8D92871C143001FE760 /* TransactionEditorView.swift */; };
		A193D8DC2871C3D3001FE760 /* PriceField.swift in Sources */ = {isa = PBXBuildFile; fileRef = A193D8DB2871C3D3001FE760 /* PriceField.swift */; };
		A1A1A9BE28732E120009E827 /* CurrencyText.swift in Sources */ = {isa = PBXBuildFile; fileRef = A1A1A9BD28732E120009E827 /* CurrencyText.swift */; };
		A1ADEAB828771DAF0098FB9E /* AddTransactionButton.swift in Sources */ = {isa = PBXBuildFile; fileRef = A1ADEAB728771DAF0098FB9E /* AddTransactionButton.swift */; };
		A1AFF25E2883CE220041FCB9 /* SectionTitle.swift in Sources */ = {isa = PBXBuildFile; fileRef = A1AFF25D2883CE220041FCB9 /* SectionTitle.swift */; };
		A1B1A29928718D56005885FE /* PrimaryWalletView.swift in Sources */ = {isa = PBXBuildFile; fileRef = A1B1A29828718D56005885FE /* PrimaryWalletView.swift */; };
		A1B1A29B28718FC2005885FE /* RegularWalletRow.swift in Sources */ = {isa = PBXBuildFile; fileRef = A1B1A29A28718FC2005885FE /* RegularWalletRow.swift */; };
		A1B1A29D287192E9005885FE /* WalletView.swift in Sources */ = {isa = PBXBuildFile; fileRef = A1B1A29C287192E9005885FE /* WalletView.swift */; };
		A1E41FA5288C34F90015FF32 /* NewTransactionWizard.swift in Sources */ = {isa = PBXBuildFile; fileRef = A1E41FA4288C34E40015FF32 /* NewTransactionWizard.swift */; };
		A1F39AF5287171C6005F58DF /* VirtualWalletApp.swift in Sources */ = {isa = PBXBuildFile; fileRef = A1F39AF4287171C6005F58DF /* VirtualWalletApp.swift */; };
		A1F39AF9287171C6005F58DF /* Home.swift in Sources */ = {isa = PBXBuildFile; fileRef = A1F39AF8287171C6005F58DF /* Home.swift */; };
		A1F39AFB287171C9005F58DF /* Assets.xcassets in Resources */ = {isa = PBXBuildFile; fileRef = A1F39AFA287171C9005F58DF /* Assets.xcassets */; };
		A1F39B00287171C9005F58DF /* Preview Assets.xcassets in Resources */ = {isa = PBXBuildFile; fileRef = A1F39AFF287171C9005F58DF /* Preview Assets.xcassets */; };
/* End PBXBuildFile section */

/* Begin PBXContainerItemProxy section */
		A175329F287A6C6C00036022 /* PBXContainerItemProxy */ = {
			isa = PBXContainerItemProxy;
			containerPortal = A1F39AE9287171C6005F58DF /* Project object */;
			proxyType = 1;
			remoteGlobalIDString = A1753292287A6C6A00036022;
			remoteInfo = WidgetExtension;
		};
/* End PBXContainerItemProxy section */

/* Begin PBXCopyFilesBuildPhase section */
		A17532A2287A6C6C00036022 /* Embed Foundation Extensions */ = {
			isa = PBXCopyFilesBuildPhase;
			buildActionMask = 2147483647;
			dstPath = "";
			dstSubfolderSpec = 13;
			files = (
				A17532A1287A6C6C00036022 /* WidgetExtension.appex in Embed Foundation Extensions */,
			);
			name = "Embed Foundation Extensions";
			runOnlyForDeploymentPostprocessing = 0;
		};
/* End PBXCopyFilesBuildPhase section */

/* Begin PBXFileReference section */
		A1311A9328791469008A89A9 /* SearchSuggestionTextField.swift */ = {isa = PBXFileReference; lastKnownFileType = sourcecode.swift; path = SearchSuggestionTextField.swift; sourceTree = "<group>"; };
		A175328D287976B100036022 /* FlowHStack.swift */ = {isa = PBXFileReference; lastKnownFileType = sourcecode.swift; path = FlowHStack.swift; sourceTree = "<group>"; };
		A1753293287A6C6A00036022 /* WidgetExtension.appex */ = {isa = PBXFileReference; explicitFileType = "wrapper.app-extension"; includeInIndex = 0; path = WidgetExtension.appex; sourceTree = BUILT_PRODUCTS_DIR; };
		A1753295287A6C6A00036022 /* WidgetKit.framework */ = {isa = PBXFileReference; lastKnownFileType = wrapper.framework; name = WidgetKit.framework; path = System/Library/Frameworks/WidgetKit.framework; sourceTree = SDKROOT; };
		A1753297287A6C6A00036022 /* SwiftUI.framework */ = {isa = PBXFileReference; lastKnownFileType = wrapper.framework; name = SwiftUI.framework; path = System/Library/Frameworks/SwiftUI.framework; sourceTree = SDKROOT; };
		A175329A287A6C6A00036022 /* Widget.swift */ = {isa = PBXFileReference; lastKnownFileType = sourcecode.swift; path = Widget.swift; sourceTree = "<group>"; };
		A175329C287A6C6C00036022 /* Assets.xcassets */ = {isa = PBXFileReference; lastKnownFileType = folder.assetcatalog; path = Assets.xcassets; sourceTree = "<group>"; };
		A175329E287A6C6C00036022 /* Info.plist */ = {isa = PBXFileReference; lastKnownFileType = text.plist.xml; path = Info.plist; sourceTree = "<group>"; };
		A17532A6287A71C300036022 /* WidgetDataModel.swift */ = {isa = PBXFileReference; lastKnownFileType = sourcecode.swift; path = WidgetDataModel.swift; sourceTree = "<group>"; };
		A17532AA287A9C9A00036022 /* WidgetExtension.entitlements */ = {isa = PBXFileReference; lastKnownFileType = text.plist.entitlements; path = WidgetExtension.entitlements; sourceTree = "<group>"; };
		A1892877287175E6006414D3 /* VirtualWalletDocument.swift */ = {isa = PBXFileReference; lastKnownFileType = sourcecode.swift; path = VirtualWalletDocument.swift; sourceTree = "<group>"; };
		A193D8D52871B8B8001FE760 /* Wallet.swift */ = {isa = PBXFileReference; lastKnownFileType = sourcecode.swift; path = Wallet.swift; sourceTree = "<group>"; };
		A193D8D72871B90C001FE760 /* Transaction.swift */ = {isa = PBXFileReference; lastKnownFileType = sourcecode.swift; path = Transaction.swift; sourceTree = "<group>"; };
		A193D8D92871C143001FE760 /* TransactionEditorView.swift */ = {isa = PBXFileReference; lastKnownFileType = sourcecode.swift; path = TransactionEditorView.swift; sourceTree = "<group>"; };
		A193D8DB2871C3D3001FE760 /* PriceField.swift */ = {isa = PBXFileReference; lastKnownFileType = sourcecode.swift; path = PriceField.swift; sourceTree = "<group>"; };
		A1A1A9BD28732E120009E827 /* CurrencyText.swift */ = {isa = PBXFileReference; lastKnownFileType = sourcecode.swift; path = CurrencyText.swift; sourceTree = SOURCE_ROOT; };
		A1ADEAB728771DAF0098FB9E /* AddTransactionButton.swift */ = {isa = PBXFileReference; lastKnownFileType = sourcecode.swift; path = AddTransactionButton.swift; sourceTree = "<group>"; };
		A1AFF25D2883CE220041FCB9 /* SectionTitle.swift */ = {isa = PBXFileReference; lastKnownFileType = sourcecode.swift; path = SectionTitle.swift; sourceTree = "<group>"; };
		A1B1A29828718D56005885FE /* PrimaryWalletView.swift */ = {isa = PBXFileReference; lastKnownFileType = sourcecode.swift; path = PrimaryWalletView.swift; sourceTree = "<group>"; };
		A1B1A29A28718FC2005885FE /* RegularWalletRow.swift */ = {isa = PBXFileReference; lastKnownFileType = sourcecode.swift; path = RegularWalletRow.swift; sourceTree = "<group>"; };
		A1B1A29C287192E9005885FE /* WalletView.swift */ = {isa = PBXFileReference; lastKnownFileType = sourcecode.swift; name = WalletView.swift; path = "Virtual Wallet/WalletView.swift"; sourceTree = SOURCE_ROOT; };
		A1E41FA4288C34E40015FF32 /* NewTransactionWizard.swift */ = {isa = PBXFileReference; lastKnownFileType = sourcecode.swift; path = NewTransactionWizard.swift; sourceTree = "<group>"; };
		A1F39AF1287171C6005F58DF /* Virtual Wallet.app */ = {isa = PBXFileReference; explicitFileType = wrapper.application; includeInIndex = 0; path = "Virtual Wallet.app"; sourceTree = BUILT_PRODUCTS_DIR; };
		A1F39AF4287171C6005F58DF /* VirtualWalletApp.swift */ = {isa = PBXFileReference; lastKnownFileType = sourcecode.swift; path = VirtualWalletApp.swift; sourceTree = "<group>"; };
		A1F39AF8287171C6005F58DF /* Home.swift */ = {isa = PBXFileReference; lastKnownFileType = sourcecode.swift; path = Home.swift; sourceTree = "<group>"; };
		A1F39AFA287171C9005F58DF /* Assets.xcassets */ = {isa = PBXFileReference; lastKnownFileType = folder.assetcatalog; path = Assets.xcassets; sourceTree = "<group>"; };
		A1F39AFC287171C9005F58DF /* Info.plist */ = {isa = PBXFileReference; lastKnownFileType = text.plist.xml; path = Info.plist; sourceTree = "<group>"; };
		A1F39AFD287171C9005F58DF /* Virtual_Wallet.entitlements */ = {isa = PBXFileReference; lastKnownFileType = text.plist.entitlements; path = Virtual_Wallet.entitlements; sourceTree = "<group>"; };
		A1F39AFF287171C9005F58DF /* Preview Assets.xcassets */ = {isa = PBXFileReference; lastKnownFileType = folder.assetcatalog; path = "Preview Assets.xcassets"; sourceTree = "<group>"; };
/* End PBXFileReference section */

/* Begin PBXFrameworksBuildPhase section */
		A1753290287A6C6A00036022 /* Frameworks */ = {
			isa = PBXFrameworksBuildPhase;
			buildActionMask = 2147483647;
			files = (
				A1753298287A6C6A00036022 /* SwiftUI.framework in Frameworks */,
				A1753296287A6C6A00036022 /* WidgetKit.framework in Frameworks */,
			);
			runOnlyForDeploymentPostprocessing = 0;
		};
		A1F39AEE287171C6005F58DF /* Frameworks */ = {
			isa = PBXFrameworksBuildPhase;
			buildActionMask = 2147483647;
			files = (
			);
			runOnlyForDeploymentPostprocessing = 0;
		};
/* End PBXFrameworksBuildPhase section */

/* Begin PBXGroup section */
		A1753294287A6C6A00036022 /* Frameworks */ = {
			isa = PBXGroup;
			children = (
				A1753295287A6C6A00036022 /* WidgetKit.framework */,
				A1753297287A6C6A00036022 /* SwiftUI.framework */,
			);
			name = Frameworks;
			sourceTree = "<group>";
		};
		A1753299287A6C6A00036022 /* Widget */ = {
			isa = PBXGroup;
			children = (
				A175329A287A6C6A00036022 /* Widget.swift */,
				A17532A6287A71C300036022 /* WidgetDataModel.swift */,
				A175329C287A6C6C00036022 /* Assets.xcassets */,
				A175329E287A6C6C00036022 /* Info.plist */,
			);
			path = Widget;
			sourceTree = "<group>";
		};
		A1892879287175F2006414D3 /* Data Model */ = {
			isa = PBXGroup;
			children = (
				A1892877287175E6006414D3 /* VirtualWalletDocument.swift */,
				A193D8D52871B8B8001FE760 /* Wallet.swift */,
				A193D8D72871B90C001FE760 /* Transaction.swift */,
			);
			path = "Data Model";
			sourceTree = "<group>";
		};
		A1B1A29528718D0F005885FE /* Views */ = {
			isa = PBXGroup;
			children = (
				A1A1A9BD28732E120009E827 /* CurrencyText.swift */,
				A1B1A29C287192E9005885FE /* WalletView.swift */,
				A193D8D92871C143001FE760 /* TransactionEditorView.swift */,
				A1E41FA4288C34E40015FF32 /* NewTransactionWizard.swift */,
				A1AFF25D2883CE220041FCB9 /* SectionTitle.swift */,
				A193D8DB2871C3D3001FE760 /* PriceField.swift */,
				A1B1A29828718D56005885FE /* PrimaryWalletView.swift */,
				A1ADEAB728771DAF0098FB9E /* AddTransactionButton.swift */,
				A1B1A29A28718FC2005885FE /* RegularWalletRow.swift */,
				A1F39AF8287171C6005F58DF /* Home.swift */,
				A1311A9328791469008A89A9 /* SearchSuggestionTextField.swift */,
				A175328D287976B100036022 /* FlowHStack.swift */,
			);
			path = Views;
			sourceTree = "<group>";
		};
		A1F39AE8287171C6005F58DF = {
			isa = PBXGroup;
			children = (
				A17532AA287A9C9A00036022 /* WidgetExtension.entitlements */,
				A1F39AF3287171C6005F58DF /* Virtual Wallet */,
				A1753299287A6C6A00036022 /* Widget */,
				A1753294287A6C6A00036022 /* Frameworks */,
				A1F39AF2287171C6005F58DF /* Products */,
			);
			sourceTree = "<group>";
		};
		A1F39AF2287171C6005F58DF /* Products */ = {
			isa = PBXGroup;
			children = (
				A1F39AF1287171C6005F58DF /* Virtual Wallet.app */,
				A1753293287A6C6A00036022 /* WidgetExtension.appex */,
			);
			name = Products;
			sourceTree = "<group>";
		};
		A1F39AF3287171C6005F58DF /* Virtual Wallet */ = {
			isa = PBXGroup;
			children = (
				A1B1A29528718D0F005885FE /* Views */,
				A1892879287175F2006414D3 /* Data Model */,
				A1F39AF4287171C6005F58DF /* VirtualWalletApp.swift */,
				A1F39AFA287171C9005F58DF /* Assets.xcassets */,
				A1F39AFC287171C9005F58DF /* Info.plist */,
				A1F39AFD287171C9005F58DF /* Virtual_Wallet.entitlements */,
				A1F39AFE287171C9005F58DF /* Preview Content */,
			);
			path = "Virtual Wallet";
			sourceTree = "<group>";
		};
		A1F39AFE287171C9005F58DF /* Preview Content */ = {
			isa = PBXGroup;
			children = (
				A1F39AFF287171C9005F58DF /* Preview Assets.xcassets */,
			);
			path = "Preview Content";
			sourceTree = "<group>";
		};
/* End PBXGroup section */

/* Begin PBXNativeTarget section */
		A1753292287A6C6A00036022 /* WidgetExtension */ = {
			isa = PBXNativeTarget;
			buildConfigurationList = A17532A5287A6C6C00036022 /* Build configuration list for PBXNativeTarget "WidgetExtension" */;
			buildPhases = (
				A175328F287A6C6A00036022 /* Sources */,
				A1753290287A6C6A00036022 /* Frameworks */,
				A1753291287A6C6A00036022 /* Resources */,
			);
			buildRules = (
			);
			dependencies = (
			);
			name = WidgetExtension;
			productName = WidgetExtension;
			productReference = A1753293287A6C6A00036022 /* WidgetExtension.appex */;
			productType = "com.apple.product-type.app-extension";
		};
		A1F39AF0287171C6005F58DF /* Virtual Wallet */ = {
			isa = PBXNativeTarget;
			buildConfigurationList = A1F39B19287171C9005F58DF /* Build configuration list for PBXNativeTarget "Virtual Wallet" */;
			buildPhases = (
				A1F39AED287171C6005F58DF /* Sources */,
				A1F39AEE287171C6005F58DF /* Frameworks */,
				A1F39AEF287171C6005F58DF /* Resources */,
				A17532A2287A6C6C00036022 /* Embed Foundation Extensions */,
			);
			buildRules = (
			);
			dependencies = (
				A17532A0287A6C6C00036022 /* PBXTargetDependency */,
			);
			name = "Virtual Wallet";
			productName = "Virtual Wallet";
			productReference = A1F39AF1287171C6005F58DF /* Virtual Wallet.app */;
			productType = "com.apple.product-type.application";
		};
/* End PBXNativeTarget section */

/* Begin PBXProject section */
		A1F39AE9287171C6005F58DF /* Project object */ = {
			isa = PBXProject;
			attributes = {
				BuildIndependentTargetsInParallel = 1;
				LastSwiftUpdateCheck = 1400;
				LastUpgradeCheck = 1400;
				TargetAttributes = {
					A1753292287A6C6A00036022 = {
						CreatedOnToolsVersion = 14.0;
					};
					A1F39AF0287171C6005F58DF = {
						CreatedOnToolsVersion = 14.0;
					};
				};
			};
			buildConfigurationList = A1F39AEC287171C6005F58DF /* Build configuration list for PBXProject "Virtual Wallet" */;
			compatibilityVersion = "Xcode 14.0";
			developmentRegion = "zh-Hans";
			hasScannedForEncodings = 0;
			knownRegions = (
				"zh-Hans",
				Base,
			);
			mainGroup = A1F39AE8287171C6005F58DF;
			productRefGroup = A1F39AF2287171C6005F58DF /* Products */;
			projectDirPath = "";
			projectRoot = "";
			targets = (
				A1F39AF0287171C6005F58DF /* Virtual Wallet */,
				A1753292287A6C6A00036022 /* WidgetExtension */,
			);
		};
/* End PBXProject section */

/* Begin PBXResourcesBuildPhase section */
		A1753291287A6C6A00036022 /* Resources */ = {
			isa = PBXResourcesBuildPhase;
			buildActionMask = 2147483647;
			files = (
				A175329D287A6C6C00036022 /* Assets.xcassets in Resources */,
			);
			runOnlyForDeploymentPostprocessing = 0;
		};
		A1F39AEF287171C6005F58DF /* Resources */ = {
			isa = PBXResourcesBuildPhase;
			buildActionMask = 2147483647;
			files = (
				A1F39B00287171C9005F58DF /* Preview Assets.xcassets in Resources */,
				A1F39AFB287171C9005F58DF /* Assets.xcassets in Resources */,
			);
			runOnlyForDeploymentPostprocessing = 0;
		};
/* End PBXResourcesBuildPhase section */

/* Begin PBXSourcesBuildPhase section */
		A175328F287A6C6A00036022 /* Sources */ = {
			isa = PBXSourcesBuildPhase;
			buildActionMask = 2147483647;
			files = (
				A175329B287A6C6A00036022 /* Widget.swift in Sources */,
				A17532A9287A757500036022 /* CurrencyText.swift in Sources */,
				A17532A8287A723400036022 /* WidgetDataModel.swift in Sources */,
			);
			runOnlyForDeploymentPostprocessing = 0;
		};
		A1F39AED287171C6005F58DF /* Sources */ = {
			isa = PBXSourcesBuildPhase;
			buildActionMask = 2147483647;
			files = (
				A1ADEAB828771DAF0098FB9E /* AddTransactionButton.swift in Sources */,
				A193D8DA2871C143001FE760 /* TransactionEditorView.swift in Sources */,
				A1F39AF5287171C6005F58DF /* VirtualWalletApp.swift in Sources */,
				A193D8D62871B8B8001FE760 /* Wallet.swift in Sources */,
				A193D8D82871B90C001FE760 /* Transaction.swift in Sources */,
				A1B1A29B28718FC2005885FE /* RegularWalletRow.swift in Sources */,
				A1892878287175E6006414D3 /* VirtualWalletDocument.swift in Sources */,
				A193D8DC2871C3D3001FE760 /* PriceField.swift in Sources */,
				A1B1A29928718D56005885FE /* PrimaryWalletView.swift in Sources */,
				A1E41FA5288C34F90015FF32 /* NewTransactionWizard.swift in Sources */,
				A1A1A9BE28732E120009E827 /* CurrencyText.swift in Sources */,
				A1F39AF9287171C6005F58DF /* Home.swift in Sources */,
				A175328E287976B100036022 /* FlowHStack.swift in Sources */,
				A1AFF25E2883CE220041FCB9 /* SectionTitle.swift in Sources */,
				A1B1A29D287192E9005885FE /* WalletView.swift in Sources */,
				A1311A9428791469008A89A9 /* SearchSuggestionTextField.swift in Sources */,
				A17532A7287A71C300036022 /* WidgetDataModel.swift in Sources */,
			);
			runOnlyForDeploymentPostprocessing = 0;
		};
/* End PBXSourcesBuildPhase section */

/* Begin PBXTargetDependency section */
		A17532A0287A6C6C00036022 /* PBXTargetDependency */ = {
			isa = PBXTargetDependency;
			target = A1753292287A6C6A00036022 /* WidgetExtension */;
			targetProxy = A175329F287A6C6C00036022 /* PBXContainerItemProxy */;
		};
/* End PBXTargetDependency section */

/* Begin XCBuildConfiguration section */
		A17532A3287A6C6C00036022 /* Debug */ = {
			isa = XCBuildConfiguration;
			buildSettings = {
				ASSETCATALOG_COMPILER_GLOBAL_ACCENT_COLOR_NAME = AccentColor;
				ASSETCATALOG_COMPILER_WIDGET_BACKGROUND_COLOR_NAME = WidgetBackground;
				CODE_SIGN_ENTITLEMENTS = WidgetExtension.entitlements;
				CODE_SIGN_STYLE = Automatic;
				CURRENT_PROJECT_VERSION = 1;
				DEVELOPMENT_TEAM = M5D9G326RB;
				GENERATE_INFOPLIST_FILE = YES;
				INFOPLIST_FILE = Widget/Info.plist;
				INFOPLIST_KEY_CFBundleDisplayName = "小组件";
				INFOPLIST_KEY_NSHumanReadableCopyright = "";
				IPHONEOS_DEPLOYMENT_TARGET = 16.0;
				LD_RUNPATH_SEARCH_PATHS = (
					"$(inherited)",
					"@executable_path/Frameworks",
					"@executable_path/../../Frameworks",
				);
				MARKETING_VERSION = 1.5;
				PRODUCT_BUNDLE_IDENTIFIER = "cn.ylq-dev.Virtual-Wallet.Widget";
				PRODUCT_NAME = "$(TARGET_NAME)";
				SDKROOT = iphoneos;
				SKIP_INSTALL = YES;
				SWIFT_EMIT_LOC_STRINGS = YES;
				SWIFT_VERSION = 5.0;
				TARGETED_DEVICE_FAMILY = "1,2";
			};
			name = Debug;
		};
		A17532A4287A6C6C00036022 /* Release */ = {
			isa = XCBuildConfiguration;
			buildSettings = {
				ASSETCATALOG_COMPILER_GLOBAL_ACCENT_COLOR_NAME = AccentColor;
				ASSETCATALOG_COMPILER_WIDGET_BACKGROUND_COLOR_NAME = WidgetBackground;
				CODE_SIGN_ENTITLEMENTS = WidgetExtension.entitlements;
				CODE_SIGN_STYLE = Automatic;
				CURRENT_PROJECT_VERSION = 1;
				DEVELOPMENT_TEAM = M5D9G326RB;
				GENERATE_INFOPLIST_FILE = YES;
				INFOPLIST_FILE = Widget/Info.plist;
				INFOPLIST_KEY_CFBundleDisplayName = "小组件";
				INFOPLIST_KEY_NSHumanReadableCopyright = "";
				IPHONEOS_DEPLOYMENT_TARGET = 16.0;
				LD_RUNPATH_SEARCH_PATHS = (
					"$(inherited)",
					"@executable_path/Frameworks",
					"@executable_path/../../Frameworks",
				);
				MARKETING_VERSION = 1.5;
				PRODUCT_BUNDLE_IDENTIFIER = "cn.ylq-dev.Virtual-Wallet.Widget";
				PRODUCT_NAME = "$(TARGET_NAME)";
				SDKROOT = iphoneos;
				SKIP_INSTALL = YES;
				SWIFT_EMIT_LOC_STRINGS = YES;
				SWIFT_VERSION = 5.0;
				TARGETED_DEVICE_FAMILY = "1,2";
				VALIDATE_PRODUCT = YES;
			};
			name = Release;
		};
		A1F39B17287171C9005F58DF /* Debug */ = {
			isa = XCBuildConfiguration;
			buildSettings = {
				ALWAYS_SEARCH_USER_PATHS = NO;
				CLANG_ANALYZER_NONNULL = YES;
				CLANG_ANALYZER_NUMBER_OBJECT_CONVERSION = YES_AGGRESSIVE;
				CLANG_CXX_LANGUAGE_STANDARD = "gnu++17";
				CLANG_ENABLE_MODULES = YES;
				CLANG_ENABLE_OBJC_ARC = YES;
				CLANG_ENABLE_OBJC_WEAK = YES;
				CLANG_WARN_BLOCK_CAPTURE_AUTORELEASING = YES;
				CLANG_WARN_BOOL_CONVERSION = YES;
				CLANG_WARN_COMMA = YES;
				CLANG_WARN_CONSTANT_CONVERSION = YES;
				CLANG_WARN_DEPRECATED_OBJC_IMPLEMENTATIONS = YES;
				CLANG_WARN_DIRECT_OBJC_ISA_USAGE = YES_ERROR;
				CLANG_WARN_DOCUMENTATION_COMMENTS = YES;
				CLANG_WARN_EMPTY_BODY = YES;
				CLANG_WARN_ENUM_CONVERSION = YES;
				CLANG_WARN_INFINITE_RECURSION = YES;
				CLANG_WARN_INT_CONVERSION = YES;
				CLANG_WARN_NON_LITERAL_NULL_CONVERSION = YES;
				CLANG_WARN_OBJC_IMPLICIT_RETAIN_SELF = YES;
				CLANG_WARN_OBJC_LITERAL_CONVERSION = YES;
				CLANG_WARN_OBJC_ROOT_CLASS = YES_ERROR;
				CLANG_WARN_QUOTED_INCLUDE_IN_FRAMEWORK_HEADER = YES;
				CLANG_WARN_RANGE_LOOP_ANALYSIS = YES;
				CLANG_WARN_STRICT_PROTOTYPES = YES;
				CLANG_WARN_SUSPICIOUS_MOVE = YES;
				CLANG_WARN_UNGUARDED_AVAILABILITY = YES_AGGRESSIVE;
				CLANG_WARN_UNREACHABLE_CODE = YES;
				CLANG_WARN__DUPLICATE_METHOD_MATCH = YES;
				COPY_PHASE_STRIP = NO;
				DEBUG_INFORMATION_FORMAT = dwarf;
				ENABLE_STRICT_OBJC_MSGSEND = YES;
				ENABLE_TESTABILITY = YES;
				GCC_C_LANGUAGE_STANDARD = gnu11;
				GCC_DYNAMIC_NO_PIC = NO;
				GCC_NO_COMMON_BLOCKS = YES;
				GCC_OPTIMIZATION_LEVEL = 0;
				GCC_PREPROCESSOR_DEFINITIONS = (
					"DEBUG=1",
					"$(inherited)",
				);
				GCC_WARN_64_TO_32_BIT_CONVERSION = YES;
				GCC_WARN_ABOUT_RETURN_TYPE = YES_ERROR;
				GCC_WARN_UNDECLARED_SELECTOR = YES;
				GCC_WARN_UNINITIALIZED_AUTOS = YES_AGGRESSIVE;
				GCC_WARN_UNUSED_FUNCTION = YES;
				GCC_WARN_UNUSED_VARIABLE = YES;
				IPHONEOS_DEPLOYMENT_TARGET = 16.0;
				MTL_ENABLE_DEBUG_INFO = INCLUDE_SOURCE;
				MTL_FAST_MATH = YES;
				ONLY_ACTIVE_ARCH = YES;
				SWIFT_ACTIVE_COMPILATION_CONDITIONS = DEBUG;
				SWIFT_OPTIMIZATION_LEVEL = "-Onone";
			};
			name = Debug;
		};
		A1F39B18287171C9005F58DF /* Release */ = {
			isa = XCBuildConfiguration;
			buildSettings = {
				ALWAYS_SEARCH_USER_PATHS = NO;
				CLANG_ANALYZER_NONNULL = YES;
				CLANG_ANALYZER_NUMBER_OBJECT_CONVERSION = YES_AGGRESSIVE;
				CLANG_CXX_LANGUAGE_STANDARD = "gnu++17";
				CLANG_ENABLE_MODULES = YES;
				CLANG_ENABLE_OBJC_ARC = YES;
				CLANG_ENABLE_OBJC_WEAK = YES;
				CLANG_WARN_BLOCK_CAPTURE_AUTORELEASING = YES;
				CLANG_WARN_BOOL_CONVERSION = YES;
				CLANG_WARN_COMMA = YES;
				CLANG_WARN_CONSTANT_CONVERSION = YES;
				CLANG_WARN_DEPRECATED_OBJC_IMPLEMENTATIONS = YES;
				CLANG_WARN_DIRECT_OBJC_ISA_USAGE = YES_ERROR;
				CLANG_WARN_DOCUMENTATION_COMMENTS = YES;
				CLANG_WARN_EMPTY_BODY = YES;
				CLANG_WARN_ENUM_CONVERSION = YES;
				CLANG_WARN_INFINITE_RECURSION = YES;
				CLANG_WARN_INT_CONVERSION = YES;
				CLANG_WARN_NON_LITERAL_NULL_CONVERSION = YES;
				CLANG_WARN_OBJC_IMPLICIT_RETAIN_SELF = YES;
				CLANG_WARN_OBJC_LITERAL_CONVERSION = YES;
				CLANG_WARN_OBJC_ROOT_CLASS = YES_ERROR;
				CLANG_WARN_QUOTED_INCLUDE_IN_FRAMEWORK_HEADER = YES;
				CLANG_WARN_RANGE_LOOP_ANALYSIS = YES;
				CLANG_WARN_STRICT_PROTOTYPES = YES;
				CLANG_WARN_SUSPICIOUS_MOVE = YES;
				CLANG_WARN_UNGUARDED_AVAILABILITY = YES_AGGRESSIVE;
				CLANG_WARN_UNREACHABLE_CODE = YES;
				CLANG_WARN__DUPLICATE_METHOD_MATCH = YES;
				COPY_PHASE_STRIP = NO;
				DEBUG_INFORMATION_FORMAT = "dwarf-with-dsym";
				ENABLE_NS_ASSERTIONS = NO;
				ENABLE_STRICT_OBJC_MSGSEND = YES;
				GCC_C_LANGUAGE_STANDARD = gnu11;
				GCC_NO_COMMON_BLOCKS = YES;
				GCC_WARN_64_TO_32_BIT_CONVERSION = YES;
				GCC_WARN_ABOUT_RETURN_TYPE = YES_ERROR;
				GCC_WARN_UNDECLARED_SELECTOR = YES;
				GCC_WARN_UNINITIALIZED_AUTOS = YES_AGGRESSIVE;
				GCC_WARN_UNUSED_FUNCTION = YES;
				GCC_WARN_UNUSED_VARIABLE = YES;
				IPHONEOS_DEPLOYMENT_TARGET = 16.0;
				MTL_ENABLE_DEBUG_INFO = NO;
				MTL_FAST_MATH = YES;
				SWIFT_COMPILATION_MODE = wholemodule;
				SWIFT_OPTIMIZATION_LEVEL = "-O";
			};
			name = Release;
		};
		A1F39B1A287171C9005F58DF /* Debug */ = {
			isa = XCBuildConfiguration;
			buildSettings = {
				ALWAYS_EMBED_SWIFT_STANDARD_LIBRARIES = YES;
				ASSETCATALOG_COMPILER_APPICON_NAME = AppIcon;
				ASSETCATALOG_COMPILER_GLOBAL_ACCENT_COLOR_NAME = AccentColor;
				CODE_SIGN_ENTITLEMENTS = "Virtual Wallet/Virtual_Wallet.entitlements";
				CODE_SIGN_IDENTITY = "Apple Development";
				CODE_SIGN_STYLE = Automatic;
				CURRENT_PROJECT_VERSION = 1;
				DEVELOPMENT_ASSET_PATHS = "\"Virtual Wallet/Preview Content\"";
				DEVELOPMENT_TEAM = M5D9G326RB;
				ENABLE_PREVIEWS = YES;
				GENERATE_INFOPLIST_FILE = YES;
				INFOPLIST_FILE = "Virtual Wallet/Info.plist";
				INFOPLIST_KEY_CFBundleDisplayName = "虚拟钱包";
				INFOPLIST_KEY_LSApplicationCategoryType = "public.app-category.finance";
				"INFOPLIST_KEY_UILaunchScreen_Generation[sdk=iphoneos*]" = YES;
				"INFOPLIST_KEY_UILaunchScreen_Generation[sdk=iphonesimulator*]" = YES;
				INFOPLIST_KEY_UISupportedInterfaceOrientations = UIInterfaceOrientationPortrait;
				INFOPLIST_KEY_UISupportedInterfaceOrientations_iPad = "UIInterfaceOrientationLandscapeLeft UIInterfaceOrientationLandscapeRight UIInterfaceOrientationPortraitUpsideDown";
				IPHONEOS_DEPLOYMENT_TARGET = 16.0;
				LD_RUNPATH_SEARCH_PATHS = "@executable_path/Frameworks";
				"LD_RUNPATH_SEARCH_PATHS[sdk=macosx*]" = "@executable_path/../Frameworks";
				MACOSX_DEPLOYMENT_TARGET = 13.0;
				MARKETING_VERSION = 1.5;
				PRODUCT_BUNDLE_IDENTIFIER = "cn.ylq-dev.Virtual-Wallet";
				PRODUCT_NAME = "$(TARGET_NAME)";
				PROVISIONING_PROFILE_SPECIFIER = "";
				SDKROOT = auto;
				SUPPORTED_PLATFORMS = "iphoneos iphonesimulator macosx";
				SWIFT_EMIT_LOC_STRINGS = YES;
				SWIFT_VERSION = 5.0;
				TARGETED_DEVICE_FAMILY = "1,2";
			};
			name = Debug;
		};
		A1F39B1B287171C9005F58DF /* Release */ = {
			isa = XCBuildConfiguration;
			buildSettings = {
				ALWAYS_EMBED_SWIFT_STANDARD_LIBRARIES = YES;
				ASSETCATALOG_COMPILER_APPICON_NAME = AppIcon;
				ASSETCATALOG_COMPILER_GLOBAL_ACCENT_COLOR_NAME = AccentColor;
				CODE_SIGN_ENTITLEMENTS = "Virtual Wallet/Virtual_Wallet.entitlements";
				CODE_SIGN_IDENTITY = "Apple Development";
				CODE_SIGN_STYLE = Automatic;
				CURRENT_PROJECT_VERSION = 1;
				DEVELOPMENT_ASSET_PATHS = "\"Virtual Wallet/Preview Content\"";
				DEVELOPMENT_TEAM = M5D9G326RB;
				ENABLE_PREVIEWS = YES;
				GENERATE_INFOPLIST_FILE = YES;
				INFOPLIST_FILE = "Virtual Wallet/Info.plist";
				INFOPLIST_KEY_CFBundleDisplayName = "虚拟钱包";
				INFOPLIST_KEY_LSApplicationCategoryType = "public.app-category.finance";
				"INFOPLIST_KEY_UILaunchScreen_Generation[sdk=iphoneos*]" = YES;
				"INFOPLIST_KEY_UILaunchScreen_Generation[sdk=iphonesimulator*]" = YES;
				INFOPLIST_KEY_UISupportedInterfaceOrientations = UIInterfaceOrientationPortrait;
				INFOPLIST_KEY_UISupportedInterfaceOrientations_iPad = "UIInterfaceOrientationLandscapeLeft UIInterfaceOrientationLandscapeRight UIInterfaceOrientationPortraitUpsideDown";
				IPHONEOS_DEPLOYMENT_TARGET = 16.0;
				LD_RUNPATH_SEARCH_PATHS = "@executable_path/Frameworks";
				"LD_RUNPATH_SEARCH_PATHS[sdk=macosx*]" = "@executable_path/../Frameworks";
				MACOSX_DEPLOYMENT_TARGET = 13.0;
				MARKETING_VERSION = 1.5;
				PRODUCT_BUNDLE_IDENTIFIER = "cn.ylq-dev.Virtual-Wallet";
				PRODUCT_NAME = "$(TARGET_NAME)";
				PROVISIONING_PROFILE_SPECIFIER = "";
				SDKROOT = auto;
				SUPPORTED_PLATFORMS = "iphoneos iphonesimulator macosx";
				SWIFT_EMIT_LOC_STRINGS = YES;
				SWIFT_VERSION = 5.0;
				TARGETED_DEVICE_FAMILY = "1,2";
			};
			name = Release;
		};
/* End XCBuildConfiguration section */

/* Begin XCConfigurationList section */
		A17532A5287A6C6C00036022 /* Build configuration list for PBXNativeTarget "WidgetExtension" */ = {
			isa = XCConfigurationList;
			buildConfigurations = (
				A17532A3287A6C6C00036022 /* Debug */,
				A17532A4287A6C6C00036022 /* Release */,
			);
			defaultConfigurationIsVisible = 0;
			defaultConfigurationName = Release;
		};
		A1F39AEC287171C6005F58DF /* Build configuration list for PBXProject "Virtual Wallet" */ = {
			isa = XCConfigurationList;
			buildConfigurations = (
				A1F39B17287171C9005F58DF /* Debug */,
				A1F39B18287171C9005F58DF /* Release */,
			);
			defaultConfigurationIsVisible = 0;
			defaultConfigurationName = Release;
		};
		A1F39B19287171C9005F58DF /* Build configuration list for PBXNativeTarget "Virtual Wallet" */ = {
			isa = XCConfigurationList;
			buildConfigurations = (
				A1F39B1A287171C9005F58DF /* Debug */,
				A1F39B1B287171C9005F58DF /* Release */,
			);
			defaultConfigurationIsVisible = 0;
			defaultConfigurationName = Release;
		};
/* End XCConfigurationList section */
	};
	rootObject = A1F39AE9287171C6005F58DF /* Project object */;
}
