{
  "pins" : [
    {
      "identity" : "myviewlibrary",
      "kind" : "remoteSourceControl",
      "location" : "https://jihulab.com/Yang-Linqing/MyViewLibrary.git",
      "state" : {
        "revision" : "d1ed3712d8395815dea3c2285ca41955acb34a82",
        "version" : "1.0.1"
      }
    }
  ],
  "version" : 2
}
